
Microsoft Visual Studio Solution File, Format Version 12.00
# Visual Studio 15
VisualStudioVersion = 15.0.26124.0
MinimumVisualStudioVersion = 15.0.26124.0
Project("{FAE04EC0-301F-11D3-BF4B-00C04F79EFBC}") = "Campbelltech.UserManagement.Api", "Campbelltech.UserManagement.Api\Campbelltech.UserManagement.Api.csproj", "{42E12260-AF4B-4E69-97BD-EF5B533C154A}"
EndProject
Project("{FAE04EC0-301F-11D3-BF4B-00C04F79EFBC}") = "Campbelltech.UserManagement.DTO", "Campbelltech.UserManagement.DTO\Campbelltech.UserManagement.DTO.csproj", "{0078E1E1-A57D-4B90-A35E-359ED9D7B364}"
EndProject
Project("{FAE04EC0-301F-11D3-BF4B-00C04F79EFBC}") = "Campbelltech.UserManagement.Domain", "Campbelltech.UserManagement.Domain\Campbelltech.UserManagement.Domain.csproj", "{C3120A89-9CD0-460E-9285-E064F5A0CA7E}"
EndProject
Global
	GlobalSection(SolutionConfigurationPlatforms) = preSolution
		Debug|Any CPU = Debug|Any CPU
		Debug|x64 = Debug|x64
		Debug|x86 = Debug|x86
		Release|Any CPU = Release|Any CPU
		Release|x64 = Release|x64
		Release|x86 = Release|x86
	EndGlobalSection
	GlobalSection(SolutionProperties) = preSolution
		HideSolutionNode = FALSE
	EndGlobalSection
	GlobalSection(ProjectConfigurationPlatforms) = postSolution
		{42E12260-AF4B-4E69-97BD-EF5B533C154A}.Debug|Any CPU.ActiveCfg = Debug|Any CPU
		{42E12260-AF4B-4E69-97BD-EF5B533C154A}.Debug|Any CPU.Build.0 = Debug|Any CPU
		{42E12260-AF4B-4E69-97BD-EF5B533C154A}.Debug|x64.ActiveCfg = Debug|Any CPU
		{42E12260-AF4B-4E69-97BD-EF5B533C154A}.Debug|x64.Build.0 = Debug|Any CPU
		{42E12260-AF4B-4E69-97BD-EF5B533C154A}.Debug|x86.ActiveCfg = Debug|Any CPU
		{42E12260-AF4B-4E69-97BD-EF5B533C154A}.Debug|x86.Build.0 = Debug|Any CPU
		{42E12260-AF4B-4E69-97BD-EF5B533C154A}.Release|Any CPU.ActiveCfg = Release|Any CPU
		{42E12260-AF4B-4E69-97BD-EF5B533C154A}.Release|Any CPU.Build.0 = Release|Any CPU
		{42E12260-AF4B-4E69-97BD-EF5B533C154A}.Release|x64.ActiveCfg = Release|Any CPU
		{42E12260-AF4B-4E69-97BD-EF5B533C154A}.Release|x64.Build.0 = Release|Any CPU
		{42E12260-AF4B-4E69-97BD-EF5B533C154A}.Release|x86.ActiveCfg = Release|Any CPU
		{42E12260-AF4B-4E69-97BD-EF5B533C154A}.Release|x86.Build.0 = Release|Any CPU
		{0078E1E1-A57D-4B90-A35E-359ED9D7B364}.Debug|Any CPU.ActiveCfg = Debug|Any CPU
		{0078E1E1-A57D-4B90-A35E-359ED9D7B364}.Debug|Any CPU.Build.0 = Debug|Any CPU
		{0078E1E1-A57D-4B90-A35E-359ED9D7B364}.Debug|x64.ActiveCfg = Debug|Any CPU
		{0078E1E1-A57D-4B90-A35E-359ED9D7B364}.Debug|x64.Build.0 = Debug|Any CPU
		{0078E1E1-A57D-4B90-A35E-359ED9D7B364}.Debug|x86.ActiveCfg = Debug|Any CPU
		{0078E1E1-A57D-4B90-A35E-359ED9D7B364}.Debug|x86.Build.0 = Debug|Any CPU
		{0078E1E1-A57D-4B90-A35E-359ED9D7B364}.Release|Any CPU.ActiveCfg = Release|Any CPU
		{0078E1E1-A57D-4B90-A35E-359ED9D7B364}.Release|Any CPU.Build.0 = Release|Any CPU
		{0078E1E1-A57D-4B90-A35E-359ED9D7B364}.Release|x64.ActiveCfg = Release|Any CPU
		{0078E1E1-A57D-4B90-A35E-359ED9D7B364}.Release|x64.Build.0 = Release|Any CPU
		{0078E1E1-A57D-4B90-A35E-359ED9D7B364}.Release|x86.ActiveCfg = Release|Any CPU
		{0078E1E1-A57D-4B90-A35E-359ED9D7B364}.Release|x86.Build.0 = Release|Any CPU
		{C3120A89-9CD0-460E-9285-E064F5A0CA7E}.Debug|Any CPU.ActiveCfg = Debug|Any CPU
		{C3120A89-9CD0-460E-9285-E064F5A0CA7E}.Debug|Any CPU.Build.0 = Debug|Any CPU
		{C3120A89-9CD0-460E-9285-E064F5A0CA7E}.Debug|x64.ActiveCfg = Debug|Any CPU
		{C3120A89-9CD0-460E-9285-E064F5A0CA7E}.Debug|x64.Build.0 = Debug|Any CPU
		{C3120A89-9CD0-460E-9285-E064F5A0CA7E}.Debug|x86.ActiveCfg = Debug|Any CPU
		{C3120A89-9CD0-460E-9285-E064F5A0CA7E}.Debug|x86.Build.0 = Debug|Any CPU
		{C3120A89-9CD0-460E-9285-E064F5A0CA7E}.Release|Any CPU.ActiveCfg = Release|Any CPU
		{C3120A89-9CD0-460E-9285-E064F5A0CA7E}.Release|Any CPU.Build.0 = Release|Any CPU
		{C3120A89-9CD0-460E-9285-E064F5A0CA7E}.Release|x64.ActiveCfg = Release|Any CPU
		{C3120A89-9CD0-460E-9285-E064F5A0CA7E}.Release|x64.Build.0 = Release|Any CPU
		{C3120A89-9CD0-460E-9285-E064F5A0CA7E}.Release|x86.ActiveCfg = Release|Any CPU
		{C3120A89-9CD0-460E-9285-E064F5A0CA7E}.Release|x86.Build.0 = Release|Any CPU
	EndGlobalSection
EndGlobal
