
Microsoft Visual Studio Solution File, Format Version 12.00
# Visual Studio 15
VisualStudioVersion = 15.0.26124.0
MinimumVisualStudioVersion = 15.0.26124.0
Project("{FAE04EC0-301F-11D3-BF4B-00C04F79EFBC}") = "Campbelltech.Authentication.Api", "Campbelltech.Authentication.Api\Campbelltech.Authentication.Api.csproj", "{A930CD8F-F298-4E8C-AA06-146BF9F06B00}"
EndProject
Project("{FAE04EC0-301F-11D3-BF4B-00C04F79EFBC}") = "Campbelltech.Authentication.Domain", "Campbelltech.Authentication.Domain\Campbelltech.Authentication.Domain.csproj", "{4D5ABC89-1593-46BC-8504-DD4D1117F722}"
EndProject
Project("{FAE04EC0-301F-11D3-BF4B-00C04F79EFBC}") = "Campbelltech.Authentication.DTO", "Campbelltech.Authentication.DTO\Campbelltech.Authentication.DTO.csproj", "{69AAF3F5-1BF5-4058-ABDA-4870749257AA}"
EndProject
Global
	GlobalSection(SolutionConfigurationPlatforms) = preSolution
		Debug|Any CPU = Debug|Any CPU
		Debug|x64 = Debug|x64
		Debug|x86 = Debug|x86
		Release|Any CPU = Release|Any CPU
		Release|x64 = Release|x64
		Release|x86 = Release|x86
	EndGlobalSection
	GlobalSection(SolutionProperties) = preSolution
		HideSolutionNode = FALSE
	EndGlobalSection
	GlobalSection(ProjectConfigurationPlatforms) = postSolution
		{A930CD8F-F298-4E8C-AA06-146BF9F06B00}.Debug|Any CPU.ActiveCfg = Debug|Any CPU
		{A930CD8F-F298-4E8C-AA06-146BF9F06B00}.Debug|Any CPU.Build.0 = Debug|Any CPU
		{A930CD8F-F298-4E8C-AA06-146BF9F06B00}.Debug|x64.ActiveCfg = Debug|Any CPU
		{A930CD8F-F298-4E8C-AA06-146BF9F06B00}.Debug|x64.Build.0 = Debug|Any CPU
		{A930CD8F-F298-4E8C-AA06-146BF9F06B00}.Debug|x86.ActiveCfg = Debug|Any CPU
		{A930CD8F-F298-4E8C-AA06-146BF9F06B00}.Debug|x86.Build.0 = Debug|Any CPU
		{A930CD8F-F298-4E8C-AA06-146BF9F06B00}.Release|Any CPU.ActiveCfg = Release|Any CPU
		{A930CD8F-F298-4E8C-AA06-146BF9F06B00}.Release|Any CPU.Build.0 = Release|Any CPU
		{A930CD8F-F298-4E8C-AA06-146BF9F06B00}.Release|x64.ActiveCfg = Release|Any CPU
		{A930CD8F-F298-4E8C-AA06-146BF9F06B00}.Release|x64.Build.0 = Release|Any CPU
		{A930CD8F-F298-4E8C-AA06-146BF9F06B00}.Release|x86.ActiveCfg = Release|Any CPU
		{A930CD8F-F298-4E8C-AA06-146BF9F06B00}.Release|x86.Build.0 = Release|Any CPU
		{4D5ABC89-1593-46BC-8504-DD4D1117F722}.Debug|Any CPU.ActiveCfg = Debug|Any CPU
		{4D5ABC89-1593-46BC-8504-DD4D1117F722}.Debug|Any CPU.Build.0 = Debug|Any CPU
		{4D5ABC89-1593-46BC-8504-DD4D1117F722}.Debug|x64.ActiveCfg = Debug|Any CPU
		{4D5ABC89-1593-46BC-8504-DD4D1117F722}.Debug|x64.Build.0 = Debug|Any CPU
		{4D5ABC89-1593-46BC-8504-DD4D1117F722}.Debug|x86.ActiveCfg = Debug|Any CPU
		{4D5ABC89-1593-46BC-8504-DD4D1117F722}.Debug|x86.Build.0 = Debug|Any CPU
		{4D5ABC89-1593-46BC-8504-DD4D1117F722}.Release|Any CPU.ActiveCfg = Release|Any CPU
		{4D5ABC89-1593-46BC-8504-DD4D1117F722}.Release|Any CPU.Build.0 = Release|Any CPU
		{4D5ABC89-1593-46BC-8504-DD4D1117F722}.Release|x64.ActiveCfg = Release|Any CPU
		{4D5ABC89-1593-46BC-8504-DD4D1117F722}.Release|x64.Build.0 = Release|Any CPU
		{4D5ABC89-1593-46BC-8504-DD4D1117F722}.Release|x86.ActiveCfg = Release|Any CPU
		{4D5ABC89-1593-46BC-8504-DD4D1117F722}.Release|x86.Build.0 = Release|Any CPU
		{69AAF3F5-1BF5-4058-ABDA-4870749257AA}.Debug|Any CPU.ActiveCfg = Debug|Any CPU
		{69AAF3F5-1BF5-4058-ABDA-4870749257AA}.Debug|Any CPU.Build.0 = Debug|Any CPU
		{69AAF3F5-1BF5-4058-ABDA-4870749257AA}.Debug|x64.ActiveCfg = Debug|Any CPU
		{69AAF3F5-1BF5-4058-ABDA-4870749257AA}.Debug|x64.Build.0 = Debug|Any CPU
		{69AAF3F5-1BF5-4058-ABDA-4870749257AA}.Debug|x86.ActiveCfg = Debug|Any CPU
		{69AAF3F5-1BF5-4058-ABDA-4870749257AA}.Debug|x86.Build.0 = Debug|Any CPU
		{69AAF3F5-1BF5-4058-ABDA-4870749257AA}.Release|Any CPU.ActiveCfg = Release|Any CPU
		{69AAF3F5-1BF5-4058-ABDA-4870749257AA}.Release|Any CPU.Build.0 = Release|Any CPU
		{69AAF3F5-1BF5-4058-ABDA-4870749257AA}.Release|x64.ActiveCfg = Release|Any CPU
		{69AAF3F5-1BF5-4058-ABDA-4870749257AA}.Release|x64.Build.0 = Release|Any CPU
		{69AAF3F5-1BF5-4058-ABDA-4870749257AA}.Release|x86.ActiveCfg = Release|Any CPU
		{69AAF3F5-1BF5-4058-ABDA-4870749257AA}.Release|x86.Build.0 = Release|Any CPU
	EndGlobalSection
EndGlobal
